
Microsoft Visual Studio Solution File, Format Version 12.00
# Visual Studio Version 17
VisualStudioVersion = 17.10.35027.167
MinimumVisualStudioVersion = 10.0.40219.1
Project("{2150E333-8FDC-42A3-9474-1A3956D46DE8}") = "ShopManagement", "ShopManagement", "{12BF5A2F-A2DA-48AD-BEB8-359F199FF00A}"
EndProject
Project("{2150E333-8FDC-42A3-9474-1A3956D46DE8}") = "SM.Domain", "SM.Domain", "{F5791DD8-5D27-42DC-9CC8-B3FA27CD9F74}"
EndProject
Project("{9A19103F-16F7-4668-BE54-9A1E7A4F7556}") = "ShopManagement.Domain", "ShopManagement.Domain\ShopManagement.Domain.csproj", "{8E948C29-CFAE-4E92-A14E-20C165C09431}"
EndProject
Project("{9A19103F-16F7-4668-BE54-9A1E7A4F7556}") = "0_Framework", "0_Framework\0_Framework.csproj", "{81682CA8-B17A-490B-A90F-B34465072A33}"
EndProject
Project("{2150E333-8FDC-42A3-9474-1A3956D46DE8}") = "SM.Application", "SM.Application", "{8A55A05B-C76E-45EC-8B49-C33F0696641C}"
EndProject
Project("{9A19103F-16F7-4668-BE54-9A1E7A4F7556}") = "ShopManagement.Application.Contracts", "ShopManagement.Application.Contracts\ShopManagement.Application.Contracts.csproj", "{DFDA2619-319C-4673-BBD1-662DF8F0E4D3}"
EndProject
Project("{9A19103F-16F7-4668-BE54-9A1E7A4F7556}") = "ShopManagement.Application", "ShopManagement.Application\ShopManagement.Application.csproj", "{B35C7DC5-22DE-4412-AD07-3E3E0D5DCB03}"
EndProject
Project("{2150E333-8FDC-42A3-9474-1A3956D46DE8}") = "SM.Infrastructure", "SM.Infrastructure", "{AF53F585-F779-44D1-BB11-251E02198E51}"
EndProject
Project("{9A19103F-16F7-4668-BE54-9A1E7A4F7556}") = "ShopManagement.Infrastructure.EFCore", "ShopManagement.Infrastructure.EFCore\ShopManagement.Infrastructure.EFCore.csproj", "{C42EB236-69FF-4772-8C50-D3E2D0DE2CC0}"
EndProject
Project("{9A19103F-16F7-4668-BE54-9A1E7A4F7556}") = "ShopManagement.Configuration", "ShopManagement.Configuration\ShopManagement.Configuration.csproj", "{1C4F7974-5BEF-4C5D-909D-AC7EA5B33E37}"
EndProject
Project("{FAE04EC0-301F-11D3-BF4B-00C04F79EFBC}") = "ServiceHost", "ServiceHost\ServiceHost.csproj", "{F27DC5C5-46B7-41CE-96BF-EE9738B5E86F}"
EndProject
Global
	GlobalSection(SolutionConfigurationPlatforms) = preSolution
		Debug|Any CPU = Debug|Any CPU
		Release|Any CPU = Release|Any CPU
	EndGlobalSection
	GlobalSection(ProjectConfigurationPlatforms) = postSolution
		{8E948C29-CFAE-4E92-A14E-20C165C09431}.Debug|Any CPU.ActiveCfg = Debug|Any CPU
		{8E948C29-CFAE-4E92-A14E-20C165C09431}.Debug|Any CPU.Build.0 = Debug|Any CPU
		{8E948C29-CFAE-4E92-A14E-20C165C09431}.Release|Any CPU.ActiveCfg = Release|Any CPU
		{8E948C29-CFAE-4E92-A14E-20C165C09431}.Release|Any CPU.Build.0 = Release|Any CPU
		{81682CA8-B17A-490B-A90F-B34465072A33}.Debug|Any CPU.ActiveCfg = Debug|Any CPU
		{81682CA8-B17A-490B-A90F-B34465072A33}.Debug|Any CPU.Build.0 = Debug|Any CPU
		{81682CA8-B17A-490B-A90F-B34465072A33}.Release|Any CPU.ActiveCfg = Release|Any CPU
		{81682CA8-B17A-490B-A90F-B34465072A33}.Release|Any CPU.Build.0 = Release|Any CPU
		{DFDA2619-319C-4673-BBD1-662DF8F0E4D3}.Debug|Any CPU.ActiveCfg = Debug|Any CPU
		{DFDA2619-319C-4673-BBD1-662DF8F0E4D3}.Debug|Any CPU.Build.0 = Debug|Any CPU
		{DFDA2619-319C-4673-BBD1-662DF8F0E4D3}.Release|Any CPU.ActiveCfg = Release|Any CPU
		{DFDA2619-319C-4673-BBD1-662DF8F0E4D3}.Release|Any CPU.Build.0 = Release|Any CPU
		{B35C7DC5-22DE-4412-AD07-3E3E0D5DCB03}.Debug|Any CPU.ActiveCfg = Debug|Any CPU
		{B35C7DC5-22DE-4412-AD07-3E3E0D5DCB03}.Debug|Any CPU.Build.0 = Debug|Any CPU
		{B35C7DC5-22DE-4412-AD07-3E3E0D5DCB03}.Release|Any CPU.ActiveCfg = Release|Any CPU
		{B35C7DC5-22DE-4412-AD07-3E3E0D5DCB03}.Release|Any CPU.Build.0 = Release|Any CPU
		{C42EB236-69FF-4772-8C50-D3E2D0DE2CC0}.Debug|Any CPU.ActiveCfg = Debug|Any CPU
		{C42EB236-69FF-4772-8C50-D3E2D0DE2CC0}.Debug|Any CPU.Build.0 = Debug|Any CPU
		{C42EB236-69FF-4772-8C50-D3E2D0DE2CC0}.Release|Any CPU.ActiveCfg = Release|Any CPU
		{C42EB236-69FF-4772-8C50-D3E2D0DE2CC0}.Release|Any CPU.Build.0 = Release|Any CPU
		{1C4F7974-5BEF-4C5D-909D-AC7EA5B33E37}.Debug|Any CPU.ActiveCfg = Debug|Any CPU
		{1C4F7974-5BEF-4C5D-909D-AC7EA5B33E37}.Debug|Any CPU.Build.0 = Debug|Any CPU
		{1C4F7974-5BEF-4C5D-909D-AC7EA5B33E37}.Release|Any CPU.ActiveCfg = Release|Any CPU
		{1C4F7974-5BEF-4C5D-909D-AC7EA5B33E37}.Release|Any CPU.Build.0 = Release|Any CPU
		{F27DC5C5-46B7-41CE-96BF-EE9738B5E86F}.Debug|Any CPU.ActiveCfg = Debug|Any CPU
		{F27DC5C5-46B7-41CE-96BF-EE9738B5E86F}.Debug|Any CPU.Build.0 = Debug|Any CPU
		{F27DC5C5-46B7-41CE-96BF-EE9738B5E86F}.Release|Any CPU.ActiveCfg = Release|Any CPU
		{F27DC5C5-46B7-41CE-96BF-EE9738B5E86F}.Release|Any CPU.Build.0 = Release|Any CPU
	EndGlobalSection
	GlobalSection(SolutionProperties) = preSolution
		HideSolutionNode = FALSE
	EndGlobalSection
	GlobalSection(NestedProjects) = preSolution
		{F5791DD8-5D27-42DC-9CC8-B3FA27CD9F74} = {12BF5A2F-A2DA-48AD-BEB8-359F199FF00A}
		{8E948C29-CFAE-4E92-A14E-20C165C09431} = {F5791DD8-5D27-42DC-9CC8-B3FA27CD9F74}
		{8A55A05B-C76E-45EC-8B49-C33F0696641C} = {12BF5A2F-A2DA-48AD-BEB8-359F199FF00A}
		{DFDA2619-319C-4673-BBD1-662DF8F0E4D3} = {8A55A05B-C76E-45EC-8B49-C33F0696641C}
		{B35C7DC5-22DE-4412-AD07-3E3E0D5DCB03} = {8A55A05B-C76E-45EC-8B49-C33F0696641C}
		{AF53F585-F779-44D1-BB11-251E02198E51} = {12BF5A2F-A2DA-48AD-BEB8-359F199FF00A}
		{C42EB236-69FF-4772-8C50-D3E2D0DE2CC0} = {AF53F585-F779-44D1-BB11-251E02198E51}
		{1C4F7974-5BEF-4C5D-909D-AC7EA5B33E37} = {AF53F585-F779-44D1-BB11-251E02198E51}
	EndGlobalSection
	GlobalSection(ExtensibilityGlobals) = postSolution
		SolutionGuid = {DC3ADF1E-F4F0-4143-8383-33195F83B961}
	EndGlobalSection
EndGlobal
